
Microsoft Visual Studio Solution File, Format Version 12.00
# Visual Studio Version 16
VisualStudioVersion = 16.0.30413.136
MinimumVisualStudioVersion = 10.0.40219.1
Project("{FAE04EC0-301F-11D3-BF4B-00C04F79EFBC}") = "EpicBattle", "EpicBattle\EpicBattle.csproj", "{58C0381A-8D4E-41A6-AA5A-CF50FB37AD6C}"
EndProject
Global
	GlobalSection(SolutionConfigurationPlatforms) = preSolution
		Debug|Any CPU = Debug|Any CPU
		Release|Any CPU = Release|Any CPU
	EndGlobalSection
	GlobalSection(ProjectConfigurationPlatforms) = postSolution
		{58C0381A-8D4E-41A6-AA5A-CF50FB37AD6C}.Debug|Any CPU.ActiveCfg = Debug|Any CPU
		{58C0381A-8D4E-41A6-AA5A-CF50FB37AD6C}.Debug|Any CPU.Build.0 = Debug|Any CPU
		{58C0381A-8D4E-41A6-AA5A-CF50FB37AD6C}.Release|Any CPU.ActiveCfg = Release|Any CPU
		{58C0381A-8D4E-41A6-AA5A-CF50FB37AD6C}.Release|Any CPU.Build.0 = Release|Any CPU
	EndGlobalSection
	GlobalSection(SolutionProperties) = preSolution
		HideSolutionNode = FALSE
	EndGlobalSection
	GlobalSection(ExtensibilityGlobals) = postSolution
		SolutionGuid = {3AF2EFA2-3BE0-4D74-B37F-384A65C9B577}
	EndGlobalSection
EndGlobal
